// !$*UTF8*$!
{
	archiveVersion = 1;
	classes = {
	};
	objectVersion = 48;
	objects = {

/* Begin PBXBuildFile section */
		02D7B615202D723C004B90D7 /* AppDelegate.swift in Sources */ = {isa = PBXBuildFile; fileRef = 02D7B614202D723C004B90D7 /* AppDelegate.swift */; };
		02D7B617202D723C004B90D7 /* ViewController.swift in Sources */ = {isa = PBXBuildFile; fileRef = 02D7B616202D723C004B90D7 /* ViewController.swift */; };
		02D7B61A202D723C004B90D7 /* Main.storyboard in Resources */ = {isa = PBXBuildFile; fileRef = 02D7B618202D723C004B90D7 /* Main.storyboard */; };
		02D7B61C202D723C004B90D7 /* Assets.xcassets in Resources */ = {isa = PBXBuildFile; fileRef = 02D7B61B202D723C004B90D7 /* Assets.xcassets */; };
		02D7B61F202D723C004B90D7 /* LaunchScreen.storyboard in Resources */ = {isa = PBXBuildFile; fileRef = 02D7B61D202D723C004B90D7 /* LaunchScreen.storyboard */; };
		02D7B62A202D723C004B90D7 /* TechpodTests.swift in Sources */ = {isa = PBXBuildFile; fileRef = 02D7B629202D723C004B90D7 /* TechpodTests.swift */; };
		02D7B635202D723C004B90D7 /* TechpodUITests.swift in Sources */ = {isa = PBXBuildFile; fileRef = 02D7B634202D723C004B90D7 /* TechpodUITests.swift */; };
		02D7B66A202DA956004B90D7 /* cannon.mp3 in Resources */ = {isa = PBXBuildFile; fileRef = 02D7B663202DA956004B90D7 /* cannon.mp3 */; };
		02D7B66B202DA956004B90D7 /* elise.mp3 in Resources */ = {isa = PBXBuildFile; fileRef = 02D7B664202DA956004B90D7 /* elise.mp3 */; };
		02D7B66C202DA956004B90D7 /* aria.mp3 in Resources */ = {isa = PBXBuildFile; fileRef = 02D7B665202DA956004B90D7 /* aria.mp3 */; };
		02D7B66D202DA956004B90D7 /* Beethoven.jpg in Resources */ = {isa = PBXBuildFile; fileRef = 02D7B667202DA956004B90D7 /* Beethoven.jpg */; };
		02D7B66E202DA956004B90D7 /* Pachelbel.jpg in Resources */ = {isa = PBXBuildFile; fileRef = 02D7B668202DA956004B90D7 /* Pachelbel.jpg */; };
		02D7B66F202DA956004B90D7 /* Bach.jpg in Resources */ = {isa = PBXBuildFile; fileRef = 02D7B669202DA956004B90D7 /* Bach.jpg */; };
/* End PBXBuildFile section */

/* Begin PBXContainerItemProxy section */
		02D7B626202D723C004B90D7 /* PBXContainerItemProxy */ = {
			isa = PBXContainerItemProxy;
			containerPortal = 02D7B609202D723C004B90D7 /* Project object */;
			proxyType = 1;
			remoteGlobalIDString = 02D7B610202D723C004B90D7;
			remoteInfo = Techpod;
		};
		02D7B631202D723C004B90D7 /* PBXContainerItemProxy */ = {
			isa = PBXContainerItemProxy;
			containerPortal = 02D7B609202D723C004B90D7 /* Project object */;
			proxyType = 1;
			remoteGlobalIDString = 02D7B610202D723C004B90D7;
			remoteInfo = Techpod;
		};
/* End PBXContainerItemProxy section */

/* Begin PBXFileReference section */
		02D7B611202D723C004B90D7 /* Techpod.app */ = {isa = PBXFileReference; explicitFileType = wrapper.application; includeInIndex = 0; path = Techpod.app; sourceTree = BUILT_PRODUCTS_DIR; };
		02D7B614202D723C004B90D7 /* AppDelegate.swift */ = {isa = PBXFileReference; lastKnownFileType = sourcecode.swift; path = AppDelegate.swift; sourceTree = "<group>"; };
		02D7B616202D723C004B90D7 /* ViewController.swift */ = {isa = PBXFileReference; lastKnownFileType = sourcecode.swift; path = ViewController.swift; sourceTree = "<group>"; };
		02D7B619202D723C004B90D7 /* Base */ = {isa = PBXFileReference; lastKnownFileType = file.storyboard; name = Base; path = Base.lproj/Main.storyboard; sourceTree = "<group>"; };
		02D7B61B202D723C004B90D7 /* Assets.xcassets */ = {isa = PBXFileReference; lastKnownFileType = folder.assetcatalog; path = Assets.xcassets; sourceTree = "<group>"; };
		02D7B61E202D723C004B90D7 /* Base */ = {isa = PBXFileReference; lastKnownFileType = file.storyboard; name = Base; path = Base.lproj/LaunchScreen.storyboard; sourceTree = "<group>"; };
		02D7B620202D723C004B90D7 /* Info.plist */ = {isa = PBXFileReference; lastKnownFileType = text.plist.xml; path = Info.plist; sourceTree = "<group>"; };
		02D7B625202D723C004B90D7 /* TechpodTests.xctest */ = {isa = PBXFileReference; explicitFileType = wrapper.cfbundle; includeInIndex = 0; path = TechpodTests.xctest; sourceTree = BUILT_PRODUCTS_DIR; };
		02D7B629202D723C004B90D7 /* TechpodTests.swift */ = {isa = PBXFileReference; lastKnownFileType = sourcecode.swift; path = TechpodTests.swift; sourceTree = "<group>"; };
		02D7B62B202D723C004B90D7 /* Info.plist */ = {isa = PBXFileReference; lastKnownFileType = text.plist.xml; path = Info.plist; sourceTree = "<group>"; };
		02D7B630202D723C004B90D7 /* TechpodUITests.xctest */ = {isa = PBXFileReference; explicitFileType = wrapper.cfbundle; includeInIndex = 0; path = TechpodUITests.xctest; sourceTree = BUILT_PRODUCTS_DIR; };
		02D7B634202D723C004B90D7 /* TechpodUITests.swift */ = {isa = PBXFileReference; lastKnownFileType = sourcecode.swift; path = TechpodUITests.swift; sourceTree = "<group>"; };
		02D7B636202D723C004B90D7 /* Info.plist */ = {isa = PBXFileReference; lastKnownFileType = text.plist.xml; path = Info.plist; sourceTree = "<group>"; };
		02D7B663202DA956004B90D7 /* cannon.mp3 */ = {isa = PBXFileReference; lastKnownFileType = audio.mp3; path = cannon.mp3; sourceTree = "<group>"; };
		02D7B664202DA956004B90D7 /* elise.mp3 */ = {isa = PBXFileReference; lastKnownFileType = audio.mp3; path = elise.mp3; sourceTree = "<group>"; };
		02D7B665202DA956004B90D7 /* aria.mp3 */ = {isa = PBXFileReference; lastKnownFileType = audio.mp3; path = aria.mp3; sourceTree = "<group>"; };
		02D7B667202DA956004B90D7 /* Beethoven.jpg */ = {isa = PBXFileReference; lastKnownFileType = image.jpeg; path = Beethoven.jpg; sourceTree = "<group>"; };
		02D7B668202DA956004B90D7 /* Pachelbel.jpg */ = {isa = PBXFileReference; lastKnownFileType = image.jpeg; path = Pachelbel.jpg; sourceTree = "<group>"; };
		02D7B669202DA956004B90D7 /* Bach.jpg */ = {isa = PBXFileReference; lastKnownFileType = image.jpeg; path = Bach.jpg; sourceTree = "<group>"; };
/* End PBXFileReference section */

/* Begin PBXFrameworksBuildPhase section */
		02D7B60E202D723C004B90D7 /* Frameworks */ = {
			isa = PBXFrameworksBuildPhase;
			buildActionMask = 2147483647;
			files = (
			);
			runOnlyForDeploymentPostprocessing = 0;
		};
		02D7B622202D723C004B90D7 /* Frameworks */ = {
			isa = PBXFrameworksBuildPhase;
			buildActionMask = 2147483647;
			files = (
			);
			runOnlyForDeploymentPostprocessing = 0;
		};
		02D7B62D202D723C004B90D7 /* Frameworks */ = {
			isa = PBXFrameworksBuildPhase;
			buildActionMask = 2147483647;
			files = (
			);
			runOnlyForDeploymentPostprocessing = 0;
		};
/* End PBXFrameworksBuildPhase section */

/* Begin PBXGroup section */
		02D7B608202D723C004B90D7 = {
			isa = PBXGroup;
			children = (
				02D7B613202D723C004B90D7 /* Techpod */,
				02D7B628202D723C004B90D7 /* TechpodTests */,
				02D7B633202D723C004B90D7 /* TechpodUITests */,
				02D7B612202D723C004B90D7 /* Products */,
			);
			sourceTree = "<group>";
		};
		02D7B612202D723C004B90D7 /* Products */ = {
			isa = PBXGroup;
			children = (
				02D7B611202D723C004B90D7 /* Techpod.app */,
				02D7B625202D723C004B90D7 /* TechpodTests.xctest */,
				02D7B630202D723C004B90D7 /* TechpodUITests.xctest */,
			);
			name = Products;
			sourceTree = "<group>";
		};
		02D7B613202D723C004B90D7 /* Techpod */ = {
			isa = PBXGroup;
			children = (
				02D7B661202DA956004B90D7 /* Resources */,
				02D7B614202D723C004B90D7 /* AppDelegate.swift */,
				02D7B616202D723C004B90D7 /* ViewController.swift */,
				02D7B618202D723C004B90D7 /* Main.storyboard */,
				02D7B61B202D723C004B90D7 /* Assets.xcassets */,
				02D7B61D202D723C004B90D7 /* LaunchScreen.storyboard */,
				02D7B620202D723C004B90D7 /* Info.plist */,
			);
			path = Techpod;
			sourceTree = "<group>";
		};
		02D7B628202D723C004B90D7 /* TechpodTests */ = {
			isa = PBXGroup;
			children = (
				02D7B629202D723C004B90D7 /* TechpodTests.swift */,
				02D7B62B202D723C004B90D7 /* Info.plist */,
			);
			path = TechpodTests;
			sourceTree = "<group>";
		};
		02D7B633202D723C004B90D7 /* TechpodUITests */ = {
			isa = PBXGroup;
			children = (
				02D7B634202D723C004B90D7 /* TechpodUITests.swift */,
				02D7B636202D723C004B90D7 /* Info.plist */,
			);
			path = TechpodUITests;
			sourceTree = "<group>";
		};
		02D7B661202DA956004B90D7 /* Resources */ = {
			isa = PBXGroup;
			children = (
				02D7B662202DA956004B90D7 /* Songs */,
				02D7B666202DA956004B90D7 /* Images */,
			);
			path = Resources;
			sourceTree = "<group>";
		};
		02D7B662202DA956004B90D7 /* Songs */ = {
			isa = PBXGroup;
			children = (
				02D7B663202DA956004B90D7 /* cannon.mp3 */,
				02D7B664202DA956004B90D7 /* elise.mp3 */,
				02D7B665202DA956004B90D7 /* aria.mp3 */,
			);
			path = Songs;
			sourceTree = "<group>";
		};
		02D7B666202DA956004B90D7 /* Images */ = {
			isa = PBXGroup;
			children = (
				02D7B667202DA956004B90D7 /* Beethoven.jpg */,
				02D7B668202DA956004B90D7 /* Pachelbel.jpg */,
				02D7B669202DA956004B90D7 /* Bach.jpg */,
			);
			path = Images;
			sourceTree = "<group>";
		};
/* End PBXGroup section */

/* Begin PBXNativeTarget section */
		02D7B610202D723C004B90D7 /* Techpod */ = {
			isa = PBXNativeTarget;
			buildConfigurationList = 02D7B639202D723C004B90D7 /* Build configuration list for PBXNativeTarget "Techpod" */;
			buildPhases = (
				02D7B60D202D723C004B90D7 /* Sources */,
				02D7B60E202D723C004B90D7 /* Frameworks */,
				02D7B60F202D723C004B90D7 /* Resources */,
			);
			buildRules = (
			);
			dependencies = (
			);
			name = Techpod;
			productName = Techpod;
			productReference = 02D7B611202D723C004B90D7 /* Techpod.app */;
			productType = "com.apple.product-type.application";
		};
		02D7B624202D723C004B90D7 /* TechpodTests */ = {
			isa = PBXNativeTarget;
			buildConfigurationList = 02D7B63C202D723C004B90D7 /* Build configuration list for PBXNativeTarget "TechpodTests" */;
			buildPhases = (
				02D7B621202D723C004B90D7 /* Sources */,
				02D7B622202D723C004B90D7 /* Frameworks */,
				02D7B623202D723C004B90D7 /* Resources */,
			);
			buildRules = (
			);
			dependencies = (
				02D7B627202D723C004B90D7 /* PBXTargetDependency */,
			);
			name = TechpodTests;
			productName = TechpodTests;
			productReference = 02D7B625202D723C004B90D7 /* TechpodTests.xctest */;
			productType = "com.apple.product-type.bundle.unit-test";
		};
		02D7B62F202D723C004B90D7 /* TechpodUITests */ = {
			isa = PBXNativeTarget;
			buildConfigurationList = 02D7B63F202D723C004B90D7 /* Build configuration list for PBXNativeTarget "TechpodUITests" */;
			buildPhases = (
				02D7B62C202D723C004B90D7 /* Sources */,
				02D7B62D202D723C004B90D7 /* Frameworks */,
				02D7B62E202D723C004B90D7 /* Resources */,
			);
			buildRules = (
			);
			dependencies = (
				02D7B632202D723C004B90D7 /* PBXTargetDependency */,
			);
			name = TechpodUITests;
			productName = TechpodUITests;
			productReference = 02D7B630202D723C004B90D7 /* TechpodUITests.xctest */;
			productType = "com.apple.product-type.bundle.ui-testing";
		};
/* End PBXNativeTarget section */

/* Begin PBXProject section */
		02D7B609202D723C004B90D7 /* Project object */ = {
			isa = PBXProject;
			attributes = {
				LastSwiftUpdateCheck = 0920;
				LastUpgradeCheck = 0920;
				ORGANIZATIONNAME = "曽根大輔";
				TargetAttributes = {
					02D7B610202D723C004B90D7 = {
						CreatedOnToolsVersion = 9.2;
						ProvisioningStyle = Automatic;
						SystemCapabilities = {
							com.apple.BackgroundModes = {
								enabled = 1;
							};
						};
					};
					02D7B624202D723C004B90D7 = {
						CreatedOnToolsVersion = 9.2;
						ProvisioningStyle = Automatic;
						TestTargetID = 02D7B610202D723C004B90D7;
					};
					02D7B62F202D723C004B90D7 = {
						CreatedOnToolsVersion = 9.2;
						ProvisioningStyle = Automatic;
						TestTargetID = 02D7B610202D723C004B90D7;
					};
				};
			};
			buildConfigurationList = 02D7B60C202D723C004B90D7 /* Build configuration list for PBXProject "Techpod" */;
			compatibilityVersion = "Xcode 8.0";
			developmentRegion = en;
			hasScannedForEncodings = 0;
			knownRegions = (
				en,
				Base,
			);
			mainGroup = 02D7B608202D723C004B90D7;
			productRefGroup = 02D7B612202D723C004B90D7 /* Products */;
			projectDirPath = "";
			projectRoot = "";
			targets = (
				02D7B610202D723C004B90D7 /* Techpod */,
				02D7B624202D723C004B90D7 /* TechpodTests */,
				02D7B62F202D723C004B90D7 /* TechpodUITests */,
			);
		};
/* End PBXProject section */

/* Begin PBXResourcesBuildPhase section */
		02D7B60F202D723C004B90D7 /* Resources */ = {
			isa = PBXResourcesBuildPhase;
			buildActionMask = 2147483647;
			files = (
				02D7B61F202D723C004B90D7 /* LaunchScreen.storyboard in Resources */,
				02D7B66A202DA956004B90D7 /* cannon.mp3 in Resources */,
				02D7B66F202DA956004B90D7 /* Bach.jpg in Resources */,
				02D7B66B202DA956004B90D7 /* elise.mp3 in Resources */,
				02D7B61C202D723C004B90D7 /* Assets.xcassets in Resources */,
				02D7B66E202DA956004B90D7 /* Pachelbel.jpg in Resources */,
				02D7B61A202D723C004B90D7 /* Main.storyboard in Resources */,
				02D7B66C202DA956004B90D7 /* aria.mp3 in Resources */,
				02D7B66D202DA956004B90D7 /* Beethoven.jpg in Resources */,
			);
			runOnlyForDeploymentPostprocessing = 0;
		};
		02D7B623202D723C004B90D7 /* Resources */ = {
			isa = PBXResourcesBuildPhase;
			buildActionMask = 2147483647;
			files = (
			);
			runOnlyForDeploymentPostprocessing = 0;
		};
		02D7B62E202D723C004B90D7 /* Resources */ = {
			isa = PBXResourcesBuildPhase;
			buildActionMask = 2147483647;
			files = (
			);
			runOnlyForDeploymentPostprocessing = 0;
		};
/* End PBXResourcesBuildPhase section */

/* Begin PBXSourcesBuildPhase section */
		02D7B60D202D723C004B90D7 /* Sources */ = {
			isa = PBXSourcesBuildPhase;
			buildActionMask = 2147483647;
			files = (
				02D7B617202D723C004B90D7 /* ViewController.swift in Sources */,
				02D7B615202D723C004B90D7 /* AppDelegate.swift in Sources */,
			);
			runOnlyForDeploymentPostprocessing = 0;
		};
		02D7B621202D723C004B90D7 /* Sources */ = {
			isa = PBXSourcesBuildPhase;
			buildActionMask = 2147483647;
			files = (
				02D7B62A202D723C004B90D7 /* TechpodTests.swift in Sources */,
			);
			runOnlyForDeploymentPostprocessing = 0;
		};
		02D7B62C202D723C004B90D7 /* Sources */ = {
			isa = PBXSourcesBuildPhase;
			buildActionMask = 2147483647;
			files = (
				02D7B635202D723C004B90D7 /* TechpodUITests.swift in Sources */,
			);
			runOnlyForDeploymentPostprocessing = 0;
		};
/* End PBXSourcesBuildPhase section */

/* Begin PBXTargetDependency section */
		02D7B627202D723C004B90D7 /* PBXTargetDependency */ = {
			isa = PBXTargetDependency;
			target = 02D7B610202D723C004B90D7 /* Techpod */;
			targetProxy = 02D7B626202D723C004B90D7 /* PBXContainerItemProxy */;
		};
		02D7B632202D723C004B90D7 /* PBXTargetDependency */ = {
			isa = PBXTargetDependency;
			target = 02D7B610202D723C004B90D7 /* Techpod */;
			targetProxy = 02D7B631202D723C004B90D7 /* PBXContainerItemProxy */;
		};
/* End PBXTargetDependency section */

/* Begin PBXVariantGroup section */
		02D7B618202D723C004B90D7 /* Main.storyboard */ = {
			isa = PBXVariantGroup;
			children = (
				02D7B619202D723C004B90D7 /* Base */,
			);
			name = Main.storyboard;
			sourceTree = "<group>";
		};
		02D7B61D202D723C004B90D7 /* LaunchScreen.storyboard */ = {
			isa = PBXVariantGroup;
			children = (
				02D7B61E202D723C004B90D7 /* Base */,
			);
			name = LaunchScreen.storyboard;
			sourceTree = "<group>";
		};
/* End PBXVariantGroup section */

/* Begin XCBuildConfiguration section */
		02D7B637202D723C004B90D7 /* Debug */ = {
			isa = XCBuildConfiguration;
			buildSettings = {
				ALWAYS_SEARCH_USER_PATHS = NO;
				CLANG_ANALYZER_NONNULL = YES;
				CLANG_ANALYZER_NUMBER_OBJECT_CONVERSION = YES_AGGRESSIVE;
				CLANG_CXX_LANGUAGE_STANDARD = "gnu++14";
				CLANG_CXX_LIBRARY = "libc++";
				CLANG_ENABLE_MODULES = YES;
				CLANG_ENABLE_OBJC_ARC = YES;
				CLANG_WARN_BLOCK_CAPTURE_AUTORELEASING = YES;
				CLANG_WARN_BOOL_CONVERSION = YES;
				CLANG_WARN_COMMA = YES;
				CLANG_WARN_CONSTANT_CONVERSION = YES;
				CLANG_WARN_DIRECT_OBJC_ISA_USAGE = YES_ERROR;
				CLANG_WARN_DOCUMENTATION_COMMENTS = YES;
				CLANG_WARN_EMPTY_BODY = YES;
				CLANG_WARN_ENUM_CONVERSION = YES;
				CLANG_WARN_INFINITE_RECURSION = YES;
				CLANG_WARN_INT_CONVERSION = YES;
				CLANG_WARN_NON_LITERAL_NULL_CONVERSION = YES;
				CLANG_WARN_OBJC_LITERAL_CONVERSION = YES;
				CLANG_WARN_OBJC_ROOT_CLASS = YES_ERROR;
				CLANG_WARN_RANGE_LOOP_ANALYSIS = YES;
				CLANG_WARN_STRICT_PROTOTYPES = YES;
				CLANG_WARN_SUSPICIOUS_MOVE = YES;
				CLANG_WARN_UNGUARDED_AVAILABILITY = YES_AGGRESSIVE;
				CLANG_WARN_UNREACHABLE_CODE = YES;
				CLANG_WARN__DUPLICATE_METHOD_MATCH = YES;
				CODE_SIGN_IDENTITY = "iPhone Developer";
				COPY_PHASE_STRIP = NO;
				DEBUG_INFORMATION_FORMAT = dwarf;
				ENABLE_STRICT_OBJC_MSGSEND = YES;
				ENABLE_TESTABILITY = YES;
				GCC_C_LANGUAGE_STANDARD = gnu11;
				GCC_DYNAMIC_NO_PIC = NO;
				GCC_NO_COMMON_BLOCKS = YES;
				GCC_OPTIMIZATION_LEVEL = 0;
				GCC_PREPROCESSOR_DEFINITIONS = (
					"DEBUG=1",
					"$(inherited)",
				);
				GCC_WARN_64_TO_32_BIT_CONVERSION = YES;
				GCC_WARN_ABOUT_RETURN_TYPE = YES_ERROR;
				GCC_WARN_UNDECLARED_SELECTOR = YES;
				GCC_WARN_UNINITIALIZED_AUTOS = YES_AGGRESSIVE;
				GCC_WARN_UNUSED_FUNCTION = YES;
				GCC_WARN_UNUSED_VARIABLE = YES;
				IPHONEOS_DEPLOYMENT_TARGET = 11.2;
				MTL_ENABLE_DEBUG_INFO = YES;
				ONLY_ACTIVE_ARCH = YES;
				SDKROOT = iphoneos;
				SWIFT_ACTIVE_COMPILATION_CONDITIONS = DEBUG;
				SWIFT_OPTIMIZATION_LEVEL = "-Onone";
			};
			name = Debug;
		};
		02D7B638202D723C004B90D7 /* Release */ = {
			isa = XCBuildConfiguration;
			buildSettings = {
				ALWAYS_SEARCH_USER_PATHS = NO;
				CLANG_ANALYZER_NONNULL = YES;
				CLANG_ANALYZER_NUMBER_OBJECT_CONVERSION = YES_AGGRESSIVE;
				CLANG_CXX_LANGUAGE_STANDARD = "gnu++14";
				CLANG_CXX_LIBRARY = "libc++";
				CLANG_ENABLE_MODULES = YES;
				CLANG_ENABLE_OBJC_ARC = YES;
				CLANG_WARN_BLOCK_CAPTURE_AUTORELEASING = YES;
				CLANG_WARN_BOOL_CONVERSION = YES;
				CLANG_WARN_COMMA = YES;
				CLANG_WARN_CONSTANT_CONVERSION = YES;
				CLANG_WARN_DIRECT_OBJC_ISA_USAGE = YES_ERROR;
				CLANG_WARN_DOCUMENTATION_COMMENTS = YES;
				CLANG_WARN_EMPTY_BODY = YES;
				CLANG_WARN_ENUM_CONVERSION = YES;
				CLANG_WARN_INFINITE_RECURSION = YES;
				CLANG_WARN_INT_CONVERSION = YES;
				CLANG_WARN_NON_LITERAL_NULL_CONVERSION = YES;
				CLANG_WARN_OBJC_LITERAL_CONVERSION = YES;
				CLANG_WARN_OBJC_ROOT_CLASS = YES_ERROR;
				CLANG_WARN_RANGE_LOOP_ANALYSIS = YES;
				CLANG_WARN_STRICT_PROTOTYPES = YES;
				CLANG_WARN_SUSPICIOUS_MOVE = YES;
				CLANG_WARN_UNGUARDED_AVAILABILITY = YES_AGGRESSIVE;
				CLANG_WARN_UNREACHABLE_CODE = YES;
				CLANG_WARN__DUPLICATE_METHOD_MATCH = YES;
				CODE_SIGN_IDENTITY = "iPhone Developer";
				COPY_PHASE_STRIP = NO;
				DEBUG_INFORMATION_FORMAT = "dwarf-with-dsym";
				ENABLE_NS_ASSERTIONS = NO;
				ENABLE_STRICT_OBJC_MSGSEND = YES;
				GCC_C_LANGUAGE_STANDARD = gnu11;
				GCC_NO_COMMON_BLOCKS = YES;
				GCC_WARN_64_TO_32_BIT_CONVERSION = YES;
				GCC_WARN_ABOUT_RETURN_TYPE = YES_ERROR;
				GCC_WARN_UNDECLARED_SELECTOR = YES;
				GCC_WARN_UNINITIALIZED_AUTOS = YES_AGGRESSIVE;
				GCC_WARN_UNUSED_FUNCTION = YES;
				GCC_WARN_UNUSED_VARIABLE = YES;
				IPHONEOS_DEPLOYMENT_TARGET = 11.2;
				MTL_ENABLE_DEBUG_INFO = NO;
				SDKROOT = iphoneos;
				SWIFT_OPTIMIZATION_LEVEL = "-Owholemodule";
				VALIDATE_PRODUCT = YES;
			};
			name = Release;
		};
		02D7B63A202D723C004B90D7 /* Debug */ = {
			isa = XCBuildConfiguration;
			buildSettings = {
				ASSETCATALOG_COMPILER_APPICON_NAME = AppIcon;
				CODE_SIGN_STYLE = Automatic;
				INFOPLIST_FILE = Techpod/Info.plist;
				LD_RUNPATH_SEARCH_PATHS = "$(inherited) @executable_path/Frameworks";
				PRODUCT_BUNDLE_IDENTIFIER = com.Techpod;
				PRODUCT_NAME = "$(TARGET_NAME)";
				SWIFT_VERSION = 4.0;
				TARGETED_DEVICE_FAMILY = "1,2";
			};
			name = Debug;
		};
		02D7B63B202D723C004B90D7 /* Release */ = {
			isa = XCBuildConfiguration;
			buildSettings = {
				ASSETCATALOG_COMPILER_APPICON_NAME = AppIcon;
				CODE_SIGN_STYLE = Automatic;
				INFOPLIST_FILE = Techpod/Info.plist;
				LD_RUNPATH_SEARCH_PATHS = "$(inherited) @executable_path/Frameworks";
				PRODUCT_BUNDLE_IDENTIFIER = com.Techpod;
				PRODUCT_NAME = "$(TARGET_NAME)";
				SWIFT_VERSION = 4.0;
				TARGETED_DEVICE_FAMILY = "1,2";
			};
			name = Release;
		};
		02D7B63D202D723C004B90D7 /* Debug */ = {
			isa = XCBuildConfiguration;
			buildSettings = {
				ALWAYS_EMBED_SWIFT_STANDARD_LIBRARIES = YES;
				BUNDLE_LOADER = "$(TEST_HOST)";
				CODE_SIGN_STYLE = Automatic;
				INFOPLIST_FILE = TechpodTests/Info.plist;
				LD_RUNPATH_SEARCH_PATHS = "$(inherited) @executable_path/Frameworks @loader_path/Frameworks";
				PRODUCT_BUNDLE_IDENTIFIER = com.TechpodTests;
				PRODUCT_NAME = "$(TARGET_NAME)";
				SWIFT_VERSION = 4.0;
				TARGETED_DEVICE_FAMILY = "1,2";
				TEST_HOST = "$(BUILT_PRODUCTS_DIR)/Techpod.app/Techpod";
			};
			name = Debug;
		};
		02D7B63E202D723C004B90D7 /* Release */ = {
			isa = XCBuildConfiguration;
			buildSettings = {
				ALWAYS_EMBED_SWIFT_STANDARD_LIBRARIES = YES;
				BUNDLE_LOADER = "$(TEST_HOST)";
				CODE_SIGN_STYLE = Automatic;
				INFOPLIST_FILE = TechpodTests/Info.plist;
				LD_RUNPATH_SEARCH_PATHS = "$(inherited) @executable_path/Frameworks @loader_path/Frameworks";
				PRODUCT_BUNDLE_IDENTIFIER = com.TechpodTests;
				PRODUCT_NAME = "$(TARGET_NAME)";
				SWIFT_VERSION = 4.0;
				TARGETED_DEVICE_FAMILY = "1,2";
				TEST_HOST = "$(BUILT_PRODUCTS_DIR)/Techpod.app/Techpod";
			};
			name = Release;
		};
		02D7B640202D723C004B90D7 /* Debug */ = {
			isa = XCBuildConfiguration;
			buildSettings = {
				ALWAYS_EMBED_SWIFT_STANDARD_LIBRARIES = YES;
				CODE_SIGN_STYLE = Automatic;
				INFOPLIST_FILE = TechpodUITests/Info.plist;
				LD_RUNPATH_SEARCH_PATHS = "$(inherited) @executable_path/Frameworks @loader_path/Frameworks";
				PRODUCT_BUNDLE_IDENTIFIER = com.TechpodUITests;
				PRODUCT_NAME = "$(TARGET_NAME)";
				SWIFT_VERSION = 4.0;
				TARGETED_DEVICE_FAMILY = "1,2";
				TEST_TARGET_NAME = Techpod;
			};
			name = Debug;
		};
		02D7B641202D723C004B90D7 /* Release */ = {
			isa = XCBuildConfiguration;
			buildSettings = {
				ALWAYS_EMBED_SWIFT_STANDARD_LIBRARIES = YES;
				CODE_SIGN_STYLE = Automatic;
				INFOPLIST_FILE = TechpodUITests/Info.plist;
				LD_RUNPATH_SEARCH_PATHS = "$(inherited) @executable_path/Frameworks @loader_path/Frameworks";
				PRODUCT_BUNDLE_IDENTIFIER = com.TechpodUITests;
				PRODUCT_NAME = "$(TARGET_NAME)";
				SWIFT_VERSION = 4.0;
				TARGETED_DEVICE_FAMILY = "1,2";
				TEST_TARGET_NAME = Techpod;
			};
			name = Release;
		};
/* End XCBuildConfiguration section */

/* Begin XCConfigurationList section */
		02D7B60C202D723C004B90D7 /* Build configuration list for PBXProject "Techpod" */ = {
			isa = XCConfigurationList;
			buildConfigurations = (
				02D7B637202D723C004B90D7 /* Debug */,
				02D7B638202D723C004B90D7 /* Release */,
			);
			defaultConfigurationIsVisible = 0;
			defaultConfigurationName = Release;
		};
		02D7B639202D723C004B90D7 /* Build configuration list for PBXNativeTarget "Techpod" */ = {
			isa = XCConfigurationList;
			buildConfigurations = (
				02D7B63A202D723C004B90D7 /* Debug */,
				02D7B63B202D723C004B90D7 /* Release */,
			);
			defaultConfigurationIsVisible = 0;
			defaultConfigurationName = Release;
		};
		02D7B63C202D723C004B90D7 /* Build configuration list for PBXNativeTarget "TechpodTests" */ = {
			isa = XCConfigurationList;
			buildConfigurations = (
				02D7B63D202D723C004B90D7 /* Debug */,
				02D7B63E202D723C004B90D7 /* Release */,
			);
			defaultConfigurationIsVisible = 0;
			defaultConfigurationName = Release;
		};
		02D7B63F202D723C004B90D7 /* Build configuration list for PBXNativeTarget "TechpodUITests" */ = {
			isa = XCConfigurationList;
			buildConfigurations = (
				02D7B640202D723C004B90D7 /* Debug */,
				02D7B641202D723C004B90D7 /* Release */,
			);
			defaultConfigurationIsVisible = 0;
			defaultConfigurationName = Release;
		};
/* End XCConfigurationList section */
	};
	rootObject = 02D7B609202D723C004B90D7 /* Project object */;
}
